
Microsoft Visual Studio Solution File, Format Version 12.00
# Visual Studio Version 17
VisualStudioVersion = 17.2.32630.192
MinimumVisualStudioVersion = 10.0.40219.1
Project("{9A19103F-16F7-4668-BE54-9A1E7A4F7556}") = "LBoL-Entity-Sideloader", "src\LBoL-Entity-Sideloader\LBoL-Entity-Sideloader.csproj", "{DC0F1FD4-CE58-4280-AC3D-AE1C137D9BC3}"
EndProject
Project("{9A19103F-16F7-4668-BE54-9A1E7A4F7556}") = "card-example(old)", "src\card-example(old, pls ignore)\card-example(old).csproj", "{9E2E182E-832F-4156-8EBA-B5A141BBCEB1}"
EndProject
Project("{9A19103F-16F7-4668-BE54-9A1E7A4F7556}") = "BadExamples", "src\BadExamples\BadExamples.csproj", "{630A0608-7CDC-47DC-BC71-49F153C5DAF5}"
EndProject
Project("{9A19103F-16F7-4668-BE54-9A1E7A4F7556}") = "GoodExamples", "src\GoodExamples\GoodExamples.csproj", "{ED64EDAF-39E8-4111-B626-FCBC96AF737C}"
EndProject
Project("{9A19103F-16F7-4668-BE54-9A1E7A4F7556}") = "FirstCard", "src\FirstCard\FirstCard.csproj", "{9787A094-57CA-4406-9FC5-96821394FD67}"
EndProject
Project("{9A19103F-16F7-4668-BE54-9A1E7A4F7556}") = "Random-Examples", "src\Random-Examples\Random-Examples.csproj", "{10DEF153-A403-493E-A960-16B9884A4C61}"
EndProject
Project("{9A19103F-16F7-4668-BE54-9A1E7A4F7556}") = "TemplateGenTests", "src\TermplateGenTests\TemplateGenTests.csproj", "{819688C4-F749-4CAB-BC7D-7487E3CFFEA7}"
EndProject
Project("{9A19103F-16F7-4668-BE54-9A1E7A4F7556}") = "GenTests2", "src\GenTests2\GenTests2.csproj", "{5A87B12B-99E5-4579-9FDA-85753A05BE88}"
EndProject
Project("{9A19103F-16F7-4668-BE54-9A1E7A4F7556}") = "GunDesigner", "src\GunDesigner\GunDesigner.csproj", "{C51F9DCE-40A8-47EE-B763-3A4CECC7F9B8}"
EndProject
Project("{9A19103F-16F7-4668-BE54-9A1E7A4F7556}") = "EffectLib", "src\EffectLib\EffectLib.csproj", "{90C662B6-5F77-4A4A-80F1-2F4DFEEBF922}"
EndProject
Project("{9A19103F-16F7-4668-BE54-9A1E7A4F7556}") = "ContactYoumu", "src\ContactYoumu\ContactYoumu.csproj", "{2D5077EE-C37E-4855-8A99-3116E2D8D859}"
EndProject
Project("{FAE04EC0-301F-11D3-BF4B-00C04F79EFBC}") = "PatchWorkshop", "src\PatchWorkshop\PatchWorkshop.csproj", "{E2F506CC-1499-46C6-B987-9C3796FDC07F}"
EndProject
Global
	GlobalSection(SolutionConfigurationPlatforms) = preSolution
		Debug|Any CPU = Debug|Any CPU
		Release|Any CPU = Release|Any CPU
	EndGlobalSection
	GlobalSection(ProjectConfigurationPlatforms) = postSolution
		{DC0F1FD4-CE58-4280-AC3D-AE1C137D9BC3}.Debug|Any CPU.ActiveCfg = Debug|Any CPU
		{DC0F1FD4-CE58-4280-AC3D-AE1C137D9BC3}.Debug|Any CPU.Build.0 = Debug|Any CPU
		{DC0F1FD4-CE58-4280-AC3D-AE1C137D9BC3}.Release|Any CPU.ActiveCfg = Release|Any CPU
		{DC0F1FD4-CE58-4280-AC3D-AE1C137D9BC3}.Release|Any CPU.Build.0 = Release|Any CPU
		{9E2E182E-832F-4156-8EBA-B5A141BBCEB1}.Debug|Any CPU.ActiveCfg = Debug|Any CPU
		{9E2E182E-832F-4156-8EBA-B5A141BBCEB1}.Debug|Any CPU.Build.0 = Debug|Any CPU
		{9E2E182E-832F-4156-8EBA-B5A141BBCEB1}.Release|Any CPU.ActiveCfg = Release|Any CPU
		{9E2E182E-832F-4156-8EBA-B5A141BBCEB1}.Release|Any CPU.Build.0 = Release|Any CPU
		{630A0608-7CDC-47DC-BC71-49F153C5DAF5}.Debug|Any CPU.ActiveCfg = Debug|Any CPU
		{630A0608-7CDC-47DC-BC71-49F153C5DAF5}.Debug|Any CPU.Build.0 = Debug|Any CPU
		{630A0608-7CDC-47DC-BC71-49F153C5DAF5}.Release|Any CPU.ActiveCfg = Release|Any CPU
		{630A0608-7CDC-47DC-BC71-49F153C5DAF5}.Release|Any CPU.Build.0 = Release|Any CPU
		{ED64EDAF-39E8-4111-B626-FCBC96AF737C}.Debug|Any CPU.ActiveCfg = Debug|Any CPU
		{ED64EDAF-39E8-4111-B626-FCBC96AF737C}.Debug|Any CPU.Build.0 = Debug|Any CPU
		{ED64EDAF-39E8-4111-B626-FCBC96AF737C}.Release|Any CPU.ActiveCfg = Release|Any CPU
		{ED64EDAF-39E8-4111-B626-FCBC96AF737C}.Release|Any CPU.Build.0 = Release|Any CPU
		{9787A094-57CA-4406-9FC5-96821394FD67}.Debug|Any CPU.ActiveCfg = Debug|Any CPU
		{9787A094-57CA-4406-9FC5-96821394FD67}.Debug|Any CPU.Build.0 = Debug|Any CPU
		{9787A094-57CA-4406-9FC5-96821394FD67}.Release|Any CPU.ActiveCfg = Release|Any CPU
		{9787A094-57CA-4406-9FC5-96821394FD67}.Release|Any CPU.Build.0 = Release|Any CPU
		{10DEF153-A403-493E-A960-16B9884A4C61}.Debug|Any CPU.ActiveCfg = Debug|Any CPU
		{10DEF153-A403-493E-A960-16B9884A4C61}.Debug|Any CPU.Build.0 = Debug|Any CPU
		{10DEF153-A403-493E-A960-16B9884A4C61}.Release|Any CPU.ActiveCfg = Release|Any CPU
		{10DEF153-A403-493E-A960-16B9884A4C61}.Release|Any CPU.Build.0 = Release|Any CPU
		{819688C4-F749-4CAB-BC7D-7487E3CFFEA7}.Debug|Any CPU.ActiveCfg = Debug|Any CPU
		{819688C4-F749-4CAB-BC7D-7487E3CFFEA7}.Debug|Any CPU.Build.0 = Debug|Any CPU
		{819688C4-F749-4CAB-BC7D-7487E3CFFEA7}.Release|Any CPU.ActiveCfg = Release|Any CPU
		{819688C4-F749-4CAB-BC7D-7487E3CFFEA7}.Release|Any CPU.Build.0 = Release|Any CPU
		{5A87B12B-99E5-4579-9FDA-85753A05BE88}.Debug|Any CPU.ActiveCfg = Debug|Any CPU
		{5A87B12B-99E5-4579-9FDA-85753A05BE88}.Debug|Any CPU.Build.0 = Debug|Any CPU
		{5A87B12B-99E5-4579-9FDA-85753A05BE88}.Release|Any CPU.ActiveCfg = Release|Any CPU
		{5A87B12B-99E5-4579-9FDA-85753A05BE88}.Release|Any CPU.Build.0 = Release|Any CPU
		{C51F9DCE-40A8-47EE-B763-3A4CECC7F9B8}.Debug|Any CPU.ActiveCfg = Debug|Any CPU
		{C51F9DCE-40A8-47EE-B763-3A4CECC7F9B8}.Debug|Any CPU.Build.0 = Debug|Any CPU
		{C51F9DCE-40A8-47EE-B763-3A4CECC7F9B8}.Release|Any CPU.ActiveCfg = Release|Any CPU
		{C51F9DCE-40A8-47EE-B763-3A4CECC7F9B8}.Release|Any CPU.Build.0 = Release|Any CPU
		{90C662B6-5F77-4A4A-80F1-2F4DFEEBF922}.Debug|Any CPU.ActiveCfg = Debug|Any CPU
		{90C662B6-5F77-4A4A-80F1-2F4DFEEBF922}.Debug|Any CPU.Build.0 = Debug|Any CPU
		{90C662B6-5F77-4A4A-80F1-2F4DFEEBF922}.Release|Any CPU.ActiveCfg = Release|Any CPU
		{90C662B6-5F77-4A4A-80F1-2F4DFEEBF922}.Release|Any CPU.Build.0 = Release|Any CPU
		{2D5077EE-C37E-4855-8A99-3116E2D8D859}.Debug|Any CPU.ActiveCfg = Debug|Any CPU
		{2D5077EE-C37E-4855-8A99-3116E2D8D859}.Debug|Any CPU.Build.0 = Debug|Any CPU
		{2D5077EE-C37E-4855-8A99-3116E2D8D859}.Release|Any CPU.ActiveCfg = Release|Any CPU
		{2D5077EE-C37E-4855-8A99-3116E2D8D859}.Release|Any CPU.Build.0 = Release|Any CPU
		{E2F506CC-1499-46C6-B987-9C3796FDC07F}.Debug|Any CPU.ActiveCfg = Debug|Any CPU
		{E2F506CC-1499-46C6-B987-9C3796FDC07F}.Debug|Any CPU.Build.0 = Debug|Any CPU
		{E2F506CC-1499-46C6-B987-9C3796FDC07F}.Release|Any CPU.ActiveCfg = Release|Any CPU
		{E2F506CC-1499-46C6-B987-9C3796FDC07F}.Release|Any CPU.Build.0 = Release|Any CPU
	EndGlobalSection
	GlobalSection(SolutionProperties) = preSolution
		HideSolutionNode = FALSE
	EndGlobalSection
	GlobalSection(ExtensibilityGlobals) = postSolution
		SolutionGuid = {0095969F-91C0-471D-BA83-FFCCC5F41315}
	EndGlobalSection
EndGlobal
