
Microsoft Visual Studio Solution File, Format Version 12.00
# Visual Studio Version 17
VisualStudioVersion = 17.2.32630.192
MinimumVisualStudioVersion = 10.0.40219.1
Project("{9A19103F-16F7-4668-BE54-9A1E7A4F7556}") = "LBoL-Entity-Sideloader", "src\LBoL-Entity-Sideloader\LBoL-Entity-Sideloader.csproj", "{DC0F1FD4-CE58-4280-AC3D-AE1C137D9BC3}"
EndProject
Project("{9A19103F-16F7-4668-BE54-9A1E7A4F7556}") = "card-example(old)", "src\card-example(old, pls ignore)\card-example(old).csproj", "{9E2E182E-832F-4156-8EBA-B5A141BBCEB1}"
EndProject
Project("{9A19103F-16F7-4668-BE54-9A1E7A4F7556}") = "BadExamples", "src\BadExamples\BadExamples.csproj", "{630A0608-7CDC-47DC-BC71-49F153C5DAF5}"
EndProject
Project("{9A19103F-16F7-4668-BE54-9A1E7A4F7556}") = "GoodExamples", "src\GoodExamples\GoodExamples.csproj", "{ED64EDAF-39E8-4111-B626-FCBC96AF737C}"
EndProject
Project("{9A19103F-16F7-4668-BE54-9A1E7A4F7556}") = "FirstCard", "src\FirstCard\FirstCard.csproj", "{9787A094-57CA-4406-9FC5-96821394FD67}"
EndProject
Project("{FAE04EC0-301F-11D3-BF4B-00C04F79EFBC}") = "Random-Examples", "src\Random-Examples\Random-Examples.csproj", "{10DEF153-A403-493E-A960-16B9884A4C61}"
EndProject
Global
	GlobalSection(SolutionConfigurationPlatforms) = preSolution
		Debug|Any CPU = Debug|Any CPU
		Release|Any CPU = Release|Any CPU
	EndGlobalSection
	GlobalSection(ProjectConfigurationPlatforms) = postSolution
		{DC0F1FD4-CE58-4280-AC3D-AE1C137D9BC3}.Debug|Any CPU.ActiveCfg = Debug|Any CPU
		{DC0F1FD4-CE58-4280-AC3D-AE1C137D9BC3}.Debug|Any CPU.Build.0 = Debug|Any CPU
		{DC0F1FD4-CE58-4280-AC3D-AE1C137D9BC3}.Release|Any CPU.ActiveCfg = Release|Any CPU
		{DC0F1FD4-CE58-4280-AC3D-AE1C137D9BC3}.Release|Any CPU.Build.0 = Release|Any CPU
		{9E2E182E-832F-4156-8EBA-B5A141BBCEB1}.Debug|Any CPU.ActiveCfg = Debug|Any CPU
		{9E2E182E-832F-4156-8EBA-B5A141BBCEB1}.Debug|Any CPU.Build.0 = Debug|Any CPU
		{9E2E182E-832F-4156-8EBA-B5A141BBCEB1}.Release|Any CPU.ActiveCfg = Release|Any CPU
		{9E2E182E-832F-4156-8EBA-B5A141BBCEB1}.Release|Any CPU.Build.0 = Release|Any CPU
		{630A0608-7CDC-47DC-BC71-49F153C5DAF5}.Debug|Any CPU.ActiveCfg = Debug|Any CPU
		{630A0608-7CDC-47DC-BC71-49F153C5DAF5}.Debug|Any CPU.Build.0 = Debug|Any CPU
		{630A0608-7CDC-47DC-BC71-49F153C5DAF5}.Release|Any CPU.ActiveCfg = Release|Any CPU
		{630A0608-7CDC-47DC-BC71-49F153C5DAF5}.Release|Any CPU.Build.0 = Release|Any CPU
		{ED64EDAF-39E8-4111-B626-FCBC96AF737C}.Debug|Any CPU.ActiveCfg = Debug|Any CPU
		{ED64EDAF-39E8-4111-B626-FCBC96AF737C}.Debug|Any CPU.Build.0 = Debug|Any CPU
		{ED64EDAF-39E8-4111-B626-FCBC96AF737C}.Release|Any CPU.ActiveCfg = Release|Any CPU
		{ED64EDAF-39E8-4111-B626-FCBC96AF737C}.Release|Any CPU.Build.0 = Release|Any CPU
		{9787A094-57CA-4406-9FC5-96821394FD67}.Debug|Any CPU.ActiveCfg = Debug|Any CPU
		{9787A094-57CA-4406-9FC5-96821394FD67}.Debug|Any CPU.Build.0 = Debug|Any CPU
		{9787A094-57CA-4406-9FC5-96821394FD67}.Release|Any CPU.ActiveCfg = Release|Any CPU
		{9787A094-57CA-4406-9FC5-96821394FD67}.Release|Any CPU.Build.0 = Release|Any CPU
		{10DEF153-A403-493E-A960-16B9884A4C61}.Debug|Any CPU.ActiveCfg = Debug|Any CPU
		{10DEF153-A403-493E-A960-16B9884A4C61}.Debug|Any CPU.Build.0 = Debug|Any CPU
		{10DEF153-A403-493E-A960-16B9884A4C61}.Release|Any CPU.ActiveCfg = Release|Any CPU
		{10DEF153-A403-493E-A960-16B9884A4C61}.Release|Any CPU.Build.0 = Release|Any CPU
	EndGlobalSection
	GlobalSection(SolutionProperties) = preSolution
		HideSolutionNode = FALSE
	EndGlobalSection
	GlobalSection(ExtensibilityGlobals) = postSolution
		SolutionGuid = {0095969F-91C0-471D-BA83-FFCCC5F41315}
	EndGlobalSection
EndGlobal
